// !$*UTF8*$!
{
	archiveVersion = 1;
	classes = {
	};
	objectVersion = 56;
	objects = {

/* Begin PBXBuildFile section */
		7EB62E902C3D17C500343135 /* HealthManagerApp.swift in Sources */ = {isa = PBXBuildFile; fileRef = 7EB62E8F2C3D17C500343135 /* HealthManagerApp.swift */; };
		7EB62E922C3D17C500343135 /* ContentView.swift in Sources */ = {isa = PBXBuildFile; fileRef = 7EB62E912C3D17C500343135 /* ContentView.swift */; };
		7EB62E942C3D17C600343135 /* Assets.xcassets in Resources */ = {isa = PBXBuildFile; fileRef = 7EB62E932C3D17C600343135 /* Assets.xcassets */; };
		7EB62E982C3D17C600343135 /* Preview Assets.xcassets in Resources */ = {isa = PBXBuildFile; fileRef = 7EB62E972C3D17C600343135 /* Preview Assets.xcassets */; };
		7EB62EA22C3D17C600343135 /* HealthManagerTests.swift in Sources */ = {isa = PBXBuildFile; fileRef = 7EB62EA12C3D17C600343135 /* HealthManagerTests.swift */; };
		7EB62EAC2C3D17C600343135 /* HealthManagerUITests.swift in Sources */ = {isa = PBXBuildFile; fileRef = 7EB62EAB2C3D17C600343135 /* HealthManagerUITests.swift */; };
		7EB62EAE2C3D17C600343135 /* HealthManagerUITestsLaunchTests.swift in Sources */ = {isa = PBXBuildFile; fileRef = 7EB62EAD2C3D17C600343135 /* HealthManagerUITestsLaunchTests.swift */; };
		7EB62EBF2C3D27B000343135 /* BottomSheetView.swift in Sources */ = {isa = PBXBuildFile; fileRef = 7EB62EBE2C3D27B000343135 /* BottomSheetView.swift */; };
		7EB62EC22C3D2E7D00343135 /* ScreenVM.swift in Sources */ = {isa = PBXBuildFile; fileRef = 7EB62EC12C3D2E7D00343135 /* ScreenVM.swift */; };
		7EB62EC32C3D2E7D00343135 /* ScreenVM.swift in Sources */ = {isa = PBXBuildFile; fileRef = 7EB62EC12C3D2E7D00343135 /* ScreenVM.swift */; };
		7EB62EC42C3D2E7D00343135 /* ScreenVM.swift in Sources */ = {isa = PBXBuildFile; fileRef = 7EB62EC12C3D2E7D00343135 /* ScreenVM.swift */; };
		7EB62EC62C3D315600343135 /* DataVM.swift in Sources */ = {isa = PBXBuildFile; fileRef = 7EB62EC52C3D315600343135 /* DataVM.swift */; };
		7EB62EC72C3D315600343135 /* DataVM.swift in Sources */ = {isa = PBXBuildFile; fileRef = 7EB62EC52C3D315600343135 /* DataVM.swift */; };
		7EB62EC82C3D315600343135 /* DataVM.swift in Sources */ = {isa = PBXBuildFile; fileRef = 7EB62EC52C3D315600343135 /* DataVM.swift */; };
		7EB62ECB2C3D427800343135 /* CustomTabView.swift in Sources */ = {isa = PBXBuildFile; fileRef = 7EB62ECA2C3D427800343135 /* CustomTabView.swift */; };
		7EB62ECC2C3D427800343135 /* CustomTabView.swift in Sources */ = {isa = PBXBuildFile; fileRef = 7EB62ECA2C3D427800343135 /* CustomTabView.swift */; };
		7EB62ECD2C3D427800343135 /* CustomTabView.swift in Sources */ = {isa = PBXBuildFile; fileRef = 7EB62ECA2C3D427800343135 /* CustomTabView.swift */; };
		7EB62ED22C3D88CD00343135 /* NutritionView.swift in Sources */ = {isa = PBXBuildFile; fileRef = 7EB62ED12C3D88CD00343135 /* NutritionView.swift */; };
		7EB62ED32C3D88CD00343135 /* NutritionView.swift in Sources */ = {isa = PBXBuildFile; fileRef = 7EB62ED12C3D88CD00343135 /* NutritionView.swift */; };
		7EB62ED42C3D88CD00343135 /* NutritionView.swift in Sources */ = {isa = PBXBuildFile; fileRef = 7EB62ED12C3D88CD00343135 /* NutritionView.swift */; };
		7EB62ED62C3D890200343135 /* WorkOutView.swift in Sources */ = {isa = PBXBuildFile; fileRef = 7EB62ED52C3D890200343135 /* WorkOutView.swift */; };
		7EB62ED72C3D890200343135 /* WorkOutView.swift in Sources */ = {isa = PBXBuildFile; fileRef = 7EB62ED52C3D890200343135 /* WorkOutView.swift */; };
		7EB62ED82C3D890200343135 /* WorkOutView.swift in Sources */ = {isa = PBXBuildFile; fileRef = 7EB62ED52C3D890200343135 /* WorkOutView.swift */; };
		7EB62EDA2C3D893000343135 /* NutritionModel.swift in Sources */ = {isa = PBXBuildFile; fileRef = 7EB62ED92C3D893000343135 /* NutritionModel.swift */; };
		7EB62EDB2C3D893000343135 /* NutritionModel.swift in Sources */ = {isa = PBXBuildFile; fileRef = 7EB62ED92C3D893000343135 /* NutritionModel.swift */; };
		7EB62EDC2C3D893000343135 /* NutritionModel.swift in Sources */ = {isa = PBXBuildFile; fileRef = 7EB62ED92C3D893000343135 /* NutritionModel.swift */; };
		7EB62EDE2C3D895200343135 /* FatModel.swift in Sources */ = {isa = PBXBuildFile; fileRef = 7EB62EDD2C3D895200343135 /* FatModel.swift */; };
		7EB62EDF2C3D895200343135 /* FatModel.swift in Sources */ = {isa = PBXBuildFile; fileRef = 7EB62EDD2C3D895200343135 /* FatModel.swift */; };
		7EB62EE02C3D895200343135 /* FatModel.swift in Sources */ = {isa = PBXBuildFile; fileRef = 7EB62EDD2C3D895200343135 /* FatModel.swift */; };
/* End PBXBuildFile section */

/* Begin PBXContainerItemProxy section */
		7EB62E9E2C3D17C600343135 /* PBXContainerItemProxy */ = {
			isa = PBXContainerItemProxy;
			containerPortal = 7EB62E842C3D17C500343135 /* Project object */;
			proxyType = 1;
			remoteGlobalIDString = 7EB62E8B2C3D17C500343135;
			remoteInfo = HealthManager;
		};
		7EB62EA82C3D17C600343135 /* PBXContainerItemProxy */ = {
			isa = PBXContainerItemProxy;
			containerPortal = 7EB62E842C3D17C500343135 /* Project object */;
			proxyType = 1;
			remoteGlobalIDString = 7EB62E8B2C3D17C500343135;
			remoteInfo = HealthManager;
		};
/* End PBXContainerItemProxy section */

/* Begin PBXFileReference section */
		7EB62E8C2C3D17C500343135 /* HealthManager.app */ = {isa = PBXFileReference; explicitFileType = wrapper.application; includeInIndex = 0; path = HealthManager.app; sourceTree = BUILT_PRODUCTS_DIR; };
		7EB62E8F2C3D17C500343135 /* HealthManagerApp.swift */ = {isa = PBXFileReference; lastKnownFileType = sourcecode.swift; path = HealthManagerApp.swift; sourceTree = "<group>"; };
		7EB62E912C3D17C500343135 /* ContentView.swift */ = {isa = PBXFileReference; lastKnownFileType = sourcecode.swift; path = ContentView.swift; sourceTree = "<group>"; };
		7EB62E932C3D17C600343135 /* Assets.xcassets */ = {isa = PBXFileReference; lastKnownFileType = folder.assetcatalog; path = Assets.xcassets; sourceTree = "<group>"; };
		7EB62E952C3D17C600343135 /* HealthManager.entitlements */ = {isa = PBXFileReference; lastKnownFileType = text.plist.entitlements; path = HealthManager.entitlements; sourceTree = "<group>"; };
		7EB62E972C3D17C600343135 /* Preview Assets.xcassets */ = {isa = PBXFileReference; lastKnownFileType = folder.assetcatalog; path = "Preview Assets.xcassets"; sourceTree = "<group>"; };
		7EB62E9D2C3D17C600343135 /* HealthManagerTests.xctest */ = {isa = PBXFileReference; explicitFileType = wrapper.cfbundle; includeInIndex = 0; path = HealthManagerTests.xctest; sourceTree = BUILT_PRODUCTS_DIR; };
		7EB62EA12C3D17C600343135 /* HealthManagerTests.swift */ = {isa = PBXFileReference; lastKnownFileType = sourcecode.swift; path = HealthManagerTests.swift; sourceTree = "<group>"; };
		7EB62EA72C3D17C600343135 /* HealthManagerUITests.xctest */ = {isa = PBXFileReference; explicitFileType = wrapper.cfbundle; includeInIndex = 0; path = HealthManagerUITests.xctest; sourceTree = BUILT_PRODUCTS_DIR; };
		7EB62EAB2C3D17C600343135 /* HealthManagerUITests.swift */ = {isa = PBXFileReference; lastKnownFileType = sourcecode.swift; path = HealthManagerUITests.swift; sourceTree = "<group>"; };
		7EB62EAD2C3D17C600343135 /* HealthManagerUITestsLaunchTests.swift */ = {isa = PBXFileReference; lastKnownFileType = sourcecode.swift; path = HealthManagerUITestsLaunchTests.swift; sourceTree = "<group>"; };
		7EB62EBE2C3D27B000343135 /* BottomSheetView.swift */ = {isa = PBXFileReference; lastKnownFileType = sourcecode.swift; path = BottomSheetView.swift; sourceTree = "<group>"; };
		7EB62EC12C3D2E7D00343135 /* ScreenVM.swift */ = {isa = PBXFileReference; lastKnownFileType = sourcecode.swift; path = ScreenVM.swift; sourceTree = "<group>"; };
		7EB62EC52C3D315600343135 /* DataVM.swift */ = {isa = PBXFileReference; lastKnownFileType = sourcecode.swift; path = DataVM.swift; sourceTree = "<group>"; };
		7EB62ECA2C3D427800343135 /* CustomTabView.swift */ = {isa = PBXFileReference; lastKnownFileType = sourcecode.swift; path = CustomTabView.swift; sourceTree = "<group>"; };
		7EB62ED12C3D88CD00343135 /* NutritionView.swift */ = {isa = PBXFileReference; lastKnownFileType = sourcecode.swift; path = NutritionView.swift; sourceTree = "<group>"; };
		7EB62ED52C3D890200343135 /* WorkOutView.swift */ = {isa = PBXFileReference; lastKnownFileType = sourcecode.swift; path = WorkOutView.swift; sourceTree = "<group>"; };
		7EB62ED92C3D893000343135 /* NutritionModel.swift */ = {isa = PBXFileReference; lastKnownFileType = sourcecode.swift; path = NutritionModel.swift; sourceTree = "<group>"; };
		7EB62EDD2C3D895200343135 /* FatModel.swift */ = {isa = PBXFileReference; lastKnownFileType = sourcecode.swift; path = FatModel.swift; sourceTree = "<group>"; };
/* End PBXFileReference section */

/* Begin PBXFrameworksBuildPhase section */
		7EB62E892C3D17C500343135 /* Frameworks */ = {
			isa = PBXFrameworksBuildPhase;
			buildActionMask = 2147483647;
			files = (
			);
			runOnlyForDeploymentPostprocessing = 0;
		};
		7EB62E9A2C3D17C600343135 /* Frameworks */ = {
			isa = PBXFrameworksBuildPhase;
			buildActionMask = 2147483647;
			files = (
			);
			runOnlyForDeploymentPostprocessing = 0;
		};
		7EB62EA42C3D17C600343135 /* Frameworks */ = {
			isa = PBXFrameworksBuildPhase;
			buildActionMask = 2147483647;
			files = (
			);
			runOnlyForDeploymentPostprocessing = 0;
		};
/* End PBXFrameworksBuildPhase section */

/* Begin PBXGroup section */
		7EB62E832C3D17C500343135 = {
			isa = PBXGroup;
			children = (
				7EB62E8E2C3D17C500343135 /* HealthManager */,
				7EB62EA02C3D17C600343135 /* HealthManagerTests */,
				7EB62EAA2C3D17C600343135 /* HealthManagerUITests */,
				7EB62E8D2C3D17C500343135 /* Products */,
			);
			sourceTree = "<group>";
		};
		7EB62E8D2C3D17C500343135 /* Products */ = {
			isa = PBXGroup;
			children = (
				7EB62E8C2C3D17C500343135 /* HealthManager.app */,
				7EB62E9D2C3D17C600343135 /* HealthManagerTests.xctest */,
				7EB62EA72C3D17C600343135 /* HealthManagerUITests.xctest */,
			);
			name = Products;
			sourceTree = "<group>";
		};
		7EB62E8E2C3D17C500343135 /* HealthManager */ = {
			isa = PBXGroup;
			children = (
				7EB62ED02C3D695C00343135 /* Model */,
				7EB62EC02C3D2E5B00343135 /* VM */,
				7EB62EBA2C3D1E5A00343135 /* UI */,
				7EB62E8F2C3D17C500343135 /* HealthManagerApp.swift */,
				7EB62E912C3D17C500343135 /* ContentView.swift */,
				7EB62E932C3D17C600343135 /* Assets.xcassets */,
				7EB62E952C3D17C600343135 /* HealthManager.entitlements */,
				7EB62E962C3D17C600343135 /* Preview Content */,
			);
			path = HealthManager;
			sourceTree = "<group>";
		};
		7EB62E962C3D17C600343135 /* Preview Content */ = {
			isa = PBXGroup;
			children = (
				7EB62E972C3D17C600343135 /* Preview Assets.xcassets */,
			);
			path = "Preview Content";
			sourceTree = "<group>";
		};
		7EB62EA02C3D17C600343135 /* HealthManagerTests */ = {
			isa = PBXGroup;
			children = (
				7EB62EA12C3D17C600343135 /* HealthManagerTests.swift */,
			);
			path = HealthManagerTests;
			sourceTree = "<group>";
		};
		7EB62EAA2C3D17C600343135 /* HealthManagerUITests */ = {
			isa = PBXGroup;
			children = (
				7EB62EAB2C3D17C600343135 /* HealthManagerUITests.swift */,
				7EB62EAD2C3D17C600343135 /* HealthManagerUITestsLaunchTests.swift */,
			);
			path = HealthManagerUITests;
			sourceTree = "<group>";
		};
		7EB62EBA2C3D1E5A00343135 /* UI */ = {
			isa = PBXGroup;
			children = (
				7EB62EBC2C3D1E6700343135 /* Screen */,
				7EB62EBB2C3D1E6000343135 /* Custom */,
			);
			path = UI;
			sourceTree = "<group>";
		};
		7EB62EBB2C3D1E6000343135 /* Custom */ = {
			isa = PBXGroup;
			children = (
				7EB62EC92C3D426B00343135 /* CustomTabView */,
				7EB62EBD2C3D279600343135 /* BottomSheetView */,
			);
			path = Custom;
			sourceTree = "<group>";
		};
		7EB62EBC2C3D1E6700343135 /* Screen */ = {
			isa = PBXGroup;
			children = (
				7EB62ECE2C3D694700343135 /* Nutrition */,
				7EB62ECF2C3D695600343135 /* WorkOut */,
			);
			path = Screen;
			sourceTree = "<group>";
		};
		7EB62EBD2C3D279600343135 /* BottomSheetView */ = {
			isa = PBXGroup;
			children = (
				7EB62EBE2C3D27B000343135 /* BottomSheetView.swift */,
			);
			path = BottomSheetView;
			sourceTree = "<group>";
		};
		7EB62EC02C3D2E5B00343135 /* VM */ = {
			isa = PBXGroup;
			children = (
				7EB62EC12C3D2E7D00343135 /* ScreenVM.swift */,
				7EB62EC52C3D315600343135 /* DataVM.swift */,
			);
			path = VM;
			sourceTree = "<group>";
		};
		7EB62EC92C3D426B00343135 /* CustomTabView */ = {
			isa = PBXGroup;
			children = (
				7EB62ECA2C3D427800343135 /* CustomTabView.swift */,
			);
			path = CustomTabView;
			sourceTree = "<group>";
		};
		7EB62ECE2C3D694700343135 /* Nutrition */ = {
			isa = PBXGroup;
			children = (
				7EB62ED12C3D88CD00343135 /* NutritionView.swift */,
			);
			path = Nutrition;
			sourceTree = "<group>";
		};
		7EB62ECF2C3D695600343135 /* WorkOut */ = {
			isa = PBXGroup;
			children = (
				7EB62ED52C3D890200343135 /* WorkOutView.swift */,
			);
			path = WorkOut;
			sourceTree = "<group>";
		};
		7EB62ED02C3D695C00343135 /* Model */ = {
			isa = PBXGroup;
			children = (
				7EB62ED92C3D893000343135 /* NutritionModel.swift */,
				7EB62EDD2C3D895200343135 /* FatModel.swift */,
			);
			path = Model;
			sourceTree = "<group>";
		};
/* End PBXGroup section */

/* Begin PBXNativeTarget section */
		7EB62E8B2C3D17C500343135 /* HealthManager */ = {
			isa = PBXNativeTarget;
			buildConfigurationList = 7EB62EB12C3D17C600343135 /* Build configuration list for PBXNativeTarget "HealthManager" */;
			buildPhases = (
				7EB62E882C3D17C500343135 /* Sources */,
				7EB62E892C3D17C500343135 /* Frameworks */,
				7EB62E8A2C3D17C500343135 /* Resources */,
			);
			buildRules = (
			);
			dependencies = (
			);
			name = HealthManager;
			productName = HealthManager;
			productReference = 7EB62E8C2C3D17C500343135 /* HealthManager.app */;
			productType = "com.apple.product-type.application";
		};
		7EB62E9C2C3D17C600343135 /* HealthManagerTests */ = {
			isa = PBXNativeTarget;
			buildConfigurationList = 7EB62EB42C3D17C600343135 /* Build configuration list for PBXNativeTarget "HealthManagerTests" */;
			buildPhases = (
				7EB62E992C3D17C600343135 /* Sources */,
				7EB62E9A2C3D17C600343135 /* Frameworks */,
				7EB62E9B2C3D17C600343135 /* Resources */,
			);
			buildRules = (
			);
			dependencies = (
				7EB62E9F2C3D17C600343135 /* PBXTargetDependency */,
			);
			name = HealthManagerTests;
			productName = HealthManagerTests;
			productReference = 7EB62E9D2C3D17C600343135 /* HealthManagerTests.xctest */;
			productType = "com.apple.product-type.bundle.unit-test";
		};
		7EB62EA62C3D17C600343135 /* HealthManagerUITests */ = {
			isa = PBXNativeTarget;
			buildConfigurationList = 7EB62EB72C3D17C600343135 /* Build configuration list for PBXNativeTarget "HealthManagerUITests" */;
			buildPhases = (
				7EB62EA32C3D17C600343135 /* Sources */,
				7EB62EA42C3D17C600343135 /* Frameworks */,
				7EB62EA52C3D17C600343135 /* Resources */,
			);
			buildRules = (
			);
			dependencies = (
				7EB62EA92C3D17C600343135 /* PBXTargetDependency */,
			);
			name = HealthManagerUITests;
			productName = HealthManagerUITests;
			productReference = 7EB62EA72C3D17C600343135 /* HealthManagerUITests.xctest */;
			productType = "com.apple.product-type.bundle.ui-testing";
		};
/* End PBXNativeTarget section */

/* Begin PBXProject section */
		7EB62E842C3D17C500343135 /* Project object */ = {
			isa = PBXProject;
			attributes = {
				BuildIndependentTargetsInParallel = 1;
				LastSwiftUpdateCheck = 1540;
				LastUpgradeCheck = 1540;
				TargetAttributes = {
					7EB62E8B2C3D17C500343135 = {
						CreatedOnToolsVersion = 15.4;
					};
					7EB62E9C2C3D17C600343135 = {
						CreatedOnToolsVersion = 15.4;
						TestTargetID = 7EB62E8B2C3D17C500343135;
					};
					7EB62EA62C3D17C600343135 = {
						CreatedOnToolsVersion = 15.4;
						TestTargetID = 7EB62E8B2C3D17C500343135;
					};
				};
			};
			buildConfigurationList = 7EB62E872C3D17C500343135 /* Build configuration list for PBXProject "HealthManager" */;
			compatibilityVersion = "Xcode 14.0";
			developmentRegion = en;
			hasScannedForEncodings = 0;
			knownRegions = (
				en,
				Base,
			);
			mainGroup = 7EB62E832C3D17C500343135;
			productRefGroup = 7EB62E8D2C3D17C500343135 /* Products */;
			projectDirPath = "";
			projectRoot = "";
			targets = (
				7EB62E8B2C3D17C500343135 /* HealthManager */,
				7EB62E9C2C3D17C600343135 /* HealthManagerTests */,
				7EB62EA62C3D17C600343135 /* HealthManagerUITests */,
			);
		};
/* End PBXProject section */

/* Begin PBXResourcesBuildPhase section */
		7EB62E8A2C3D17C500343135 /* Resources */ = {
			isa = PBXResourcesBuildPhase;
			buildActionMask = 2147483647;
			files = (
				7EB62E982C3D17C600343135 /* Preview Assets.xcassets in Resources */,
				7EB62E942C3D17C600343135 /* Assets.xcassets in Resources */,
			);
			runOnlyForDeploymentPostprocessing = 0;
		};
		7EB62E9B2C3D17C600343135 /* Resources */ = {
			isa = PBXResourcesBuildPhase;
			buildActionMask = 2147483647;
			files = (
			);
			runOnlyForDeploymentPostprocessing = 0;
		};
		7EB62EA52C3D17C600343135 /* Resources */ = {
			isa = PBXResourcesBuildPhase;
			buildActionMask = 2147483647;
			files = (
			);
			runOnlyForDeploymentPostprocessing = 0;
		};
/* End PBXResourcesBuildPhase section */

/* Begin PBXSourcesBuildPhase section */
		7EB62E882C3D17C500343135 /* Sources */ = {
			isa = PBXSourcesBuildPhase;
			buildActionMask = 2147483647;
			files = (
				7EB62EC22C3D2E7D00343135 /* ScreenVM.swift in Sources */,
				7EB62EC62C3D315600343135 /* DataVM.swift in Sources */,
				7EB62ED62C3D890200343135 /* WorkOutView.swift in Sources */,
				7EB62E922C3D17C500343135 /* ContentView.swift in Sources */,
				7EB62ECB2C3D427800343135 /* CustomTabView.swift in Sources */,
				7EB62EDA2C3D893000343135 /* NutritionModel.swift in Sources */,
				7EB62E902C3D17C500343135 /* HealthManagerApp.swift in Sources */,
				7EB62EDE2C3D895200343135 /* FatModel.swift in Sources */,
				7EB62EBF2C3D27B000343135 /* BottomSheetView.swift in Sources */,
				7EB62ED22C3D88CD00343135 /* NutritionView.swift in Sources */,
			);
			runOnlyForDeploymentPostprocessing = 0;
		};
		7EB62E992C3D17C600343135 /* Sources */ = {
			isa = PBXSourcesBuildPhase;
			buildActionMask = 2147483647;
			files = (
				7EB62EC32C3D2E7D00343135 /* ScreenVM.swift in Sources */,
				7EB62EC72C3D315600343135 /* DataVM.swift in Sources */,
				7EB62ED72C3D890200343135 /* WorkOutView.swift in Sources */,
				7EB62EA22C3D17C600343135 /* HealthManagerTests.swift in Sources */,
				7EB62ECC2C3D427800343135 /* CustomTabView.swift in Sources */,
				7EB62EDF2C3D895200343135 /* FatModel.swift in Sources */,
				7EB62ED32C3D88CD00343135 /* NutritionView.swift in Sources */,
				7EB62EDB2C3D893000343135 /* NutritionModel.swift in Sources */,
			);
			runOnlyForDeploymentPostprocessing = 0;
		};
		7EB62EA32C3D17C600343135 /* Sources */ = {
			isa = PBXSourcesBuildPhase;
			buildActionMask = 2147483647;
			files = (
				7EB62EC82C3D315600343135 /* DataVM.swift in Sources */,
				7EB62EC42C3D2E7D00343135 /* ScreenVM.swift in Sources */,
				7EB62EE02C3D895200343135 /* FatModel.swift in Sources */,
				7EB62ECD2C3D427800343135 /* CustomTabView.swift in Sources */,
				7EB62ED82C3D890200343135 /* WorkOutView.swift in Sources */,
				7EB62EDC2C3D893000343135 /* NutritionModel.swift in Sources */,
				7EB62ED42C3D88CD00343135 /* NutritionView.swift in Sources */,
				7EB62EAE2C3D17C600343135 /* HealthManagerUITestsLaunchTests.swift in Sources */,
				7EB62EAC2C3D17C600343135 /* HealthManagerUITests.swift in Sources */,
			);
			runOnlyForDeploymentPostprocessing = 0;
		};
/* End PBXSourcesBuildPhase section */

/* Begin PBXTargetDependency section */
		7EB62E9F2C3D17C600343135 /* PBXTargetDependency */ = {
			isa = PBXTargetDependency;
			target = 7EB62E8B2C3D17C500343135 /* HealthManager */;
			targetProxy = 7EB62E9E2C3D17C600343135 /* PBXContainerItemProxy */;
		};
		7EB62EA92C3D17C600343135 /* PBXTargetDependency */ = {
			isa = PBXTargetDependency;
			target = 7EB62E8B2C3D17C500343135 /* HealthManager */;
			targetProxy = 7EB62EA82C3D17C600343135 /* PBXContainerItemProxy */;
		};
/* End PBXTargetDependency section */

/* Begin XCBuildConfiguration section */
		7EB62EAF2C3D17C600343135 /* Debug */ = {
			isa = XCBuildConfiguration;
			buildSettings = {
				ALWAYS_SEARCH_USER_PATHS = NO;
				ASSETCATALOG_COMPILER_GENERATE_SWIFT_ASSET_SYMBOL_EXTENSIONS = YES;
				CLANG_ANALYZER_NONNULL = YES;
				CLANG_ANALYZER_NUMBER_OBJECT_CONVERSION = YES_AGGRESSIVE;
				CLANG_CXX_LANGUAGE_STANDARD = "gnu++20";
				CLANG_ENABLE_MODULES = YES;
				CLANG_ENABLE_OBJC_ARC = YES;
				CLANG_ENABLE_OBJC_WEAK = YES;
				CLANG_WARN_BLOCK_CAPTURE_AUTORELEASING = YES;
				CLANG_WARN_BOOL_CONVERSION = YES;
				CLANG_WARN_COMMA = YES;
				CLANG_WARN_CONSTANT_CONVERSION = YES;
				CLANG_WARN_DEPRECATED_OBJC_IMPLEMENTATIONS = YES;
				CLANG_WARN_DIRECT_OBJC_ISA_USAGE = YES_ERROR;
				CLANG_WARN_DOCUMENTATION_COMMENTS = YES;
				CLANG_WARN_EMPTY_BODY = YES;
				CLANG_WARN_ENUM_CONVERSION = YES;
				CLANG_WARN_INFINITE_RECURSION = YES;
				CLANG_WARN_INT_CONVERSION = YES;
				CLANG_WARN_NON_LITERAL_NULL_CONVERSION = YES;
				CLANG_WARN_OBJC_IMPLICIT_RETAIN_SELF = YES;
				CLANG_WARN_OBJC_LITERAL_CONVERSION = YES;
				CLANG_WARN_OBJC_ROOT_CLASS = YES_ERROR;
				CLANG_WARN_QUOTED_INCLUDE_IN_FRAMEWORK_HEADER = YES;
				CLANG_WARN_RANGE_LOOP_ANALYSIS = YES;
				CLANG_WARN_STRICT_PROTOTYPES = YES;
				CLANG_WARN_SUSPICIOUS_MOVE = YES;
				CLANG_WARN_UNGUARDED_AVAILABILITY = YES_AGGRESSIVE;
				CLANG_WARN_UNREACHABLE_CODE = YES;
				CLANG_WARN__DUPLICATE_METHOD_MATCH = YES;
				COPY_PHASE_STRIP = NO;
				DEBUG_INFORMATION_FORMAT = dwarf;
				ENABLE_STRICT_OBJC_MSGSEND = YES;
				ENABLE_TESTABILITY = YES;
				ENABLE_USER_SCRIPT_SANDBOXING = YES;
				GCC_C_LANGUAGE_STANDARD = gnu17;
				GCC_DYNAMIC_NO_PIC = NO;
				GCC_NO_COMMON_BLOCKS = YES;
				GCC_OPTIMIZATION_LEVEL = 0;
				GCC_PREPROCESSOR_DEFINITIONS = (
					"DEBUG=1",
					"$(inherited)",
				);
				GCC_WARN_64_TO_32_BIT_CONVERSION = YES;
				GCC_WARN_ABOUT_RETURN_TYPE = YES_ERROR;
				GCC_WARN_UNDECLARED_SELECTOR = YES;
				GCC_WARN_UNINITIALIZED_AUTOS = YES_AGGRESSIVE;
				GCC_WARN_UNUSED_FUNCTION = YES;
				GCC_WARN_UNUSED_VARIABLE = YES;
				LOCALIZATION_PREFERS_STRING_CATALOGS = YES;
				MTL_ENABLE_DEBUG_INFO = INCLUDE_SOURCE;
				MTL_FAST_MATH = YES;
				ONLY_ACTIVE_ARCH = YES;
				SWIFT_ACTIVE_COMPILATION_CONDITIONS = "DEBUG $(inherited)";
				SWIFT_OPTIMIZATION_LEVEL = "-Onone";
			};
			name = Debug;
		};
		7EB62EB02C3D17C600343135 /* Release */ = {
			isa = XCBuildConfiguration;
			buildSettings = {
				ALWAYS_SEARCH_USER_PATHS = NO;
				ASSETCATALOG_COMPILER_GENERATE_SWIFT_ASSET_SYMBOL_EXTENSIONS = YES;
				CLANG_ANALYZER_NONNULL = YES;
				CLANG_ANALYZER_NUMBER_OBJECT_CONVERSION = YES_AGGRESSIVE;
				CLANG_CXX_LANGUAGE_STANDARD = "gnu++20";
				CLANG_ENABLE_MODULES = YES;
				CLANG_ENABLE_OBJC_ARC = YES;
				CLANG_ENABLE_OBJC_WEAK = YES;
				CLANG_WARN_BLOCK_CAPTURE_AUTORELEASING = YES;
				CLANG_WARN_BOOL_CONVERSION = YES;
				CLANG_WARN_COMMA = YES;
				CLANG_WARN_CONSTANT_CONVERSION = YES;
				CLANG_WARN_DEPRECATED_OBJC_IMPLEMENTATIONS = YES;
				CLANG_WARN_DIRECT_OBJC_ISA_USAGE = YES_ERROR;
				CLANG_WARN_DOCUMENTATION_COMMENTS = YES;
				CLANG_WARN_EMPTY_BODY = YES;
				CLANG_WARN_ENUM_CONVERSION = YES;
				CLANG_WARN_INFINITE_RECURSION = YES;
				CLANG_WARN_INT_CONVERSION = YES;
				CLANG_WARN_NON_LITERAL_NULL_CONVERSION = YES;
				CLANG_WARN_OBJC_IMPLICIT_RETAIN_SELF = YES;
				CLANG_WARN_OBJC_LITERAL_CONVERSION = YES;
				CLANG_WARN_OBJC_ROOT_CLASS = YES_ERROR;
				CLANG_WARN_QUOTED_INCLUDE_IN_FRAMEWORK_HEADER = YES;
				CLANG_WARN_RANGE_LOOP_ANALYSIS = YES;
				CLANG_WARN_STRICT_PROTOTYPES = YES;
				CLANG_WARN_SUSPICIOUS_MOVE = YES;
				CLANG_WARN_UNGUARDED_AVAILABILITY = YES_AGGRESSIVE;
				CLANG_WARN_UNREACHABLE_CODE = YES;
				CLANG_WARN__DUPLICATE_METHOD_MATCH = YES;
				COPY_PHASE_STRIP = NO;
				DEBUG_INFORMATION_FORMAT = "dwarf-with-dsym";
				ENABLE_NS_ASSERTIONS = NO;
				ENABLE_STRICT_OBJC_MSGSEND = YES;
				ENABLE_USER_SCRIPT_SANDBOXING = YES;
				GCC_C_LANGUAGE_STANDARD = gnu17;
				GCC_NO_COMMON_BLOCKS = YES;
				GCC_WARN_64_TO_32_BIT_CONVERSION = YES;
				GCC_WARN_ABOUT_RETURN_TYPE = YES_ERROR;
				GCC_WARN_UNDECLARED_SELECTOR = YES;
				GCC_WARN_UNINITIALIZED_AUTOS = YES_AGGRESSIVE;
				GCC_WARN_UNUSED_FUNCTION = YES;
				GCC_WARN_UNUSED_VARIABLE = YES;
				LOCALIZATION_PREFERS_STRING_CATALOGS = YES;
				MTL_ENABLE_DEBUG_INFO = NO;
				MTL_FAST_MATH = YES;
				SWIFT_COMPILATION_MODE = wholemodule;
			};
			name = Release;
		};
		7EB62EB22C3D17C600343135 /* Debug */ = {
			isa = XCBuildConfiguration;
			buildSettings = {
				ASSETCATALOG_COMPILER_APPICON_NAME = AppIcon;
				ASSETCATALOG_COMPILER_GLOBAL_ACCENT_COLOR_NAME = AccentColor;
				CODE_SIGN_ENTITLEMENTS = HealthManager/HealthManager.entitlements;
				CODE_SIGN_STYLE = Automatic;
				CURRENT_PROJECT_VERSION = 1;
				DEVELOPMENT_ASSET_PATHS = "\"HealthManager/Preview Content\"";
				DEVELOPMENT_TEAM = TW562XCG9S;
				ENABLE_HARDENED_RUNTIME = YES;
				ENABLE_PREVIEWS = YES;
				GENERATE_INFOPLIST_FILE = YES;
				"INFOPLIST_KEY_UIApplicationSceneManifest_Generation[sdk=iphoneos*]" = YES;
				"INFOPLIST_KEY_UIApplicationSceneManifest_Generation[sdk=iphonesimulator*]" = YES;
				"INFOPLIST_KEY_UIApplicationSupportsIndirectInputEvents[sdk=iphoneos*]" = YES;
				"INFOPLIST_KEY_UIApplicationSupportsIndirectInputEvents[sdk=iphonesimulator*]" = YES;
				"INFOPLIST_KEY_UILaunchScreen_Generation[sdk=iphoneos*]" = YES;
				"INFOPLIST_KEY_UILaunchScreen_Generation[sdk=iphonesimulator*]" = YES;
				"INFOPLIST_KEY_UIStatusBarStyle[sdk=iphoneos*]" = UIStatusBarStyleDefault;
				"INFOPLIST_KEY_UIStatusBarStyle[sdk=iphonesimulator*]" = UIStatusBarStyleDefault;
				INFOPLIST_KEY_UISupportedInterfaceOrientations_iPad = "UIInterfaceOrientationPortrait UIInterfaceOrientationPortraitUpsideDown UIInterfaceOrientationLandscapeLeft UIInterfaceOrientationLandscapeRight";
				INFOPLIST_KEY_UISupportedInterfaceOrientations_iPhone = "UIInterfaceOrientationPortrait UIInterfaceOrientationLandscapeLeft UIInterfaceOrientationLandscapeRight";
				IPHONEOS_DEPLOYMENT_TARGET = 17.5;
				LD_RUNPATH_SEARCH_PATHS = "@executable_path/Frameworks";
				"LD_RUNPATH_SEARCH_PATHS[sdk=macosx*]" = "@executable_path/../Frameworks";
				MACOSX_DEPLOYMENT_TARGET = 14.1;
				MARKETING_VERSION = 1.0;
				PRODUCT_BUNDLE_IDENTIFIER = C.A.V.S.S.HealthManager;
				PRODUCT_NAME = "$(TARGET_NAME)";
				SDKROOT = auto;
				SUPPORTED_PLATFORMS = "iphoneos iphonesimulator macosx";
				SWIFT_EMIT_LOC_STRINGS = YES;
				SWIFT_VERSION = 5.0;
				TARGETED_DEVICE_FAMILY = "1,2";
			};
			name = Debug;
		};
		7EB62EB32C3D17C600343135 /* Release */ = {
			isa = XCBuildConfiguration;
			buildSettings = {
				ASSETCATALOG_COMPILER_APPICON_NAME = AppIcon;
				ASSETCATALOG_COMPILER_GLOBAL_ACCENT_COLOR_NAME = AccentColor;
				CODE_SIGN_ENTITLEMENTS = HealthManager/HealthManager.entitlements;
				CODE_SIGN_STYLE = Automatic;
				CURRENT_PROJECT_VERSION = 1;
				DEVELOPMENT_ASSET_PATHS = "\"HealthManager/Preview Content\"";
				DEVELOPMENT_TEAM = TW562XCG9S;
				ENABLE_HARDENED_RUNTIME = YES;
				ENABLE_PREVIEWS = YES;
				GENERATE_INFOPLIST_FILE = YES;
				"INFOPLIST_KEY_UIApplicationSceneManifest_Generation[sdk=iphoneos*]" = YES;
				"INFOPLIST_KEY_UIApplicationSceneManifest_Generation[sdk=iphonesimulator*]" = YES;
				"INFOPLIST_KEY_UIApplicationSupportsIndirectInputEvents[sdk=iphoneos*]" = YES;
				"INFOPLIST_KEY_UIApplicationSupportsIndirectInputEvents[sdk=iphonesimulator*]" = YES;
				"INFOPLIST_KEY_UILaunchScreen_Generation[sdk=iphoneos*]" = YES;
				"INFOPLIST_KEY_UILaunchScreen_Generation[sdk=iphonesimulator*]" = YES;
				"INFOPLIST_KEY_UIStatusBarStyle[sdk=iphoneos*]" = UIStatusBarStyleDefault;
				"INFOPLIST_KEY_UIStatusBarStyle[sdk=iphonesimulator*]" = UIStatusBarStyleDefault;
				INFOPLIST_KEY_UISupportedInterfaceOrientations_iPad = "UIInterfaceOrientationPortrait UIInterfaceOrientationPortraitUpsideDown UIInterfaceOrientationLandscapeLeft UIInterfaceOrientationLandscapeRight";
				INFOPLIST_KEY_UISupportedInterfaceOrientations_iPhone = "UIInterfaceOrientationPortrait UIInterfaceOrientationLandscapeLeft UIInterfaceOrientationLandscapeRight";
				IPHONEOS_DEPLOYMENT_TARGET = 17.5;
				LD_RUNPATH_SEARCH_PATHS = "@executable_path/Frameworks";
				"LD_RUNPATH_SEARCH_PATHS[sdk=macosx*]" = "@executable_path/../Frameworks";
				MACOSX_DEPLOYMENT_TARGET = 14.1;
				MARKETING_VERSION = 1.0;
				PRODUCT_BUNDLE_IDENTIFIER = C.A.V.S.S.HealthManager;
				PRODUCT_NAME = "$(TARGET_NAME)";
				SDKROOT = auto;
				SUPPORTED_PLATFORMS = "iphoneos iphonesimulator macosx";
				SWIFT_EMIT_LOC_STRINGS = YES;
				SWIFT_VERSION = 5.0;
				TARGETED_DEVICE_FAMILY = "1,2";
			};
			name = Release;
		};
		7EB62EB52C3D17C600343135 /* Debug */ = {
			isa = XCBuildConfiguration;
			buildSettings = {
				ALWAYS_EMBED_SWIFT_STANDARD_LIBRARIES = YES;
				BUNDLE_LOADER = "$(TEST_HOST)";
				CODE_SIGN_STYLE = Automatic;
				CURRENT_PROJECT_VERSION = 1;
				DEVELOPMENT_TEAM = TW562XCG9S;
				GENERATE_INFOPLIST_FILE = YES;
				IPHONEOS_DEPLOYMENT_TARGET = 17.5;
				MACOSX_DEPLOYMENT_TARGET = 14.1;
				MARKETING_VERSION = 1.0;
				PRODUCT_BUNDLE_IDENTIFIER = C.A.V.S.S.HealthManagerTests;
				PRODUCT_NAME = "$(TARGET_NAME)";
				SDKROOT = auto;
				SUPPORTED_PLATFORMS = "iphoneos iphonesimulator macosx";
				SWIFT_EMIT_LOC_STRINGS = NO;
				SWIFT_VERSION = 5.0;
				TARGETED_DEVICE_FAMILY = "1,2";
				TEST_HOST = "$(BUILT_PRODUCTS_DIR)/HealthManager.app/$(BUNDLE_EXECUTABLE_FOLDER_PATH)/HealthManager";
			};
			name = Debug;
		};
		7EB62EB62C3D17C600343135 /* Release */ = {
			isa = XCBuildConfiguration;
			buildSettings = {
				ALWAYS_EMBED_SWIFT_STANDARD_LIBRARIES = YES;
				BUNDLE_LOADER = "$(TEST_HOST)";
				CODE_SIGN_STYLE = Automatic;
				CURRENT_PROJECT_VERSION = 1;
				DEVELOPMENT_TEAM = TW562XCG9S;
				GENERATE_INFOPLIST_FILE = YES;
				IPHONEOS_DEPLOYMENT_TARGET = 17.5;
				MACOSX_DEPLOYMENT_TARGET = 14.1;
				MARKETING_VERSION = 1.0;
				PRODUCT_BUNDLE_IDENTIFIER = C.A.V.S.S.HealthManagerTests;
				PRODUCT_NAME = "$(TARGET_NAME)";
				SDKROOT = auto;
				SUPPORTED_PLATFORMS = "iphoneos iphonesimulator macosx";
				SWIFT_EMIT_LOC_STRINGS = NO;
				SWIFT_VERSION = 5.0;
				TARGETED_DEVICE_FAMILY = "1,2";
				TEST_HOST = "$(BUILT_PRODUCTS_DIR)/HealthManager.app/$(BUNDLE_EXECUTABLE_FOLDER_PATH)/HealthManager";
			};
			name = Release;
		};
		7EB62EB82C3D17C600343135 /* Debug */ = {
			isa = XCBuildConfiguration;
			buildSettings = {
				ALWAYS_EMBED_SWIFT_STANDARD_LIBRARIES = YES;
				CODE_SIGN_STYLE = Automatic;
				CURRENT_PROJECT_VERSION = 1;
				DEVELOPMENT_TEAM = TW562XCG9S;
				GENERATE_INFOPLIST_FILE = YES;
				IPHONEOS_DEPLOYMENT_TARGET = 17.5;
				MACOSX_DEPLOYMENT_TARGET = 14.1;
				MARKETING_VERSION = 1.0;
				PRODUCT_BUNDLE_IDENTIFIER = C.A.V.S.S.HealthManagerUITests;
				PRODUCT_NAME = "$(TARGET_NAME)";
				SDKROOT = auto;
				SUPPORTED_PLATFORMS = "iphoneos iphonesimulator macosx";
				SWIFT_EMIT_LOC_STRINGS = NO;
				SWIFT_VERSION = 5.0;
				TARGETED_DEVICE_FAMILY = "1,2";
				TEST_TARGET_NAME = HealthManager;
			};
			name = Debug;
		};
		7EB62EB92C3D17C600343135 /* Release */ = {
			isa = XCBuildConfiguration;
			buildSettings = {
				ALWAYS_EMBED_SWIFT_STANDARD_LIBRARIES = YES;
				CODE_SIGN_STYLE = Automatic;
				CURRENT_PROJECT_VERSION = 1;
				DEVELOPMENT_TEAM = TW562XCG9S;
				GENERATE_INFOPLIST_FILE = YES;
				IPHONEOS_DEPLOYMENT_TARGET = 17.5;
				MACOSX_DEPLOYMENT_TARGET = 14.1;
				MARKETING_VERSION = 1.0;
				PRODUCT_BUNDLE_IDENTIFIER = C.A.V.S.S.HealthManagerUITests;
				PRODUCT_NAME = "$(TARGET_NAME)";
				SDKROOT = auto;
				SUPPORTED_PLATFORMS = "iphoneos iphonesimulator macosx";
				SWIFT_EMIT_LOC_STRINGS = NO;
				SWIFT_VERSION = 5.0;
				TARGETED_DEVICE_FAMILY = "1,2";
				TEST_TARGET_NAME = HealthManager;
			};
			name = Release;
		};
/* End XCBuildConfiguration section */

/* Begin XCConfigurationList section */
		7EB62E872C3D17C500343135 /* Build configuration list for PBXProject "HealthManager" */ = {
			isa = XCConfigurationList;
			buildConfigurations = (
				7EB62EAF2C3D17C600343135 /* Debug */,
				7EB62EB02C3D17C600343135 /* Release */,
			);
			defaultConfigurationIsVisible = 0;
			defaultConfigurationName = Release;
		};
		7EB62EB12C3D17C600343135 /* Build configuration list for PBXNativeTarget "HealthManager" */ = {
			isa = XCConfigurationList;
			buildConfigurations = (
				7EB62EB22C3D17C600343135 /* Debug */,
				7EB62EB32C3D17C600343135 /* Release */,
			);
			defaultConfigurationIsVisible = 0;
			defaultConfigurationName = Release;
		};
		7EB62EB42C3D17C600343135 /* Build configuration list for PBXNativeTarget "HealthManagerTests" */ = {
			isa = XCConfigurationList;
			buildConfigurations = (
				7EB62EB52C3D17C600343135 /* Debug */,
				7EB62EB62C3D17C600343135 /* Release */,
			);
			defaultConfigurationIsVisible = 0;
			defaultConfigurationName = Release;
		};
		7EB62EB72C3D17C600343135 /* Build configuration list for PBXNativeTarget "HealthManagerUITests" */ = {
			isa = XCConfigurationList;
			buildConfigurations = (
				7EB62EB82C3D17C600343135 /* Debug */,
				7EB62EB92C3D17C600343135 /* Release */,
			);
			defaultConfigurationIsVisible = 0;
			defaultConfigurationName = Release;
		};
/* End XCConfigurationList section */
	};
	rootObject = 7EB62E842C3D17C500343135 /* Project object */;
}
